
Microsoft Visual Studio Solution File, Format Version 12.00
# Visual Studio Version 16
VisualStudioVersion = 16.0.30413.136
MinimumVisualStudioVersion = 10.0.40219.1
Project("{FAE04EC0-301F-11D3-BF4B-00C04F79EFBC}") = "LogIn200", "LogIn200\LogIn200.csproj", "{44961450-024F-47C2-B663-4DCE760D4998}"
EndProject
Project("{FAE04EC0-301F-11D3-BF4B-00C04F79EFBC}") = "Login-MP", "Login-MP\Login-MP.csproj", "{7925F537-F603-49EE-B1FC-4A955B6B8644}"
EndProject
Global
	GlobalSection(SolutionConfigurationPlatforms) = preSolution
		Debug|Any CPU = Debug|Any CPU
		Release|Any CPU = Release|Any CPU
	EndGlobalSection
	GlobalSection(ProjectConfigurationPlatforms) = postSolution
		{44961450-024F-47C2-B663-4DCE760D4998}.Debug|Any CPU.ActiveCfg = Debug|Any CPU
		{44961450-024F-47C2-B663-4DCE760D4998}.Debug|Any CPU.Build.0 = Debug|Any CPU
		{44961450-024F-47C2-B663-4DCE760D4998}.Release|Any CPU.ActiveCfg = Release|Any CPU
		{44961450-024F-47C2-B663-4DCE760D4998}.Release|Any CPU.Build.0 = Release|Any CPU
		{7925F537-F603-49EE-B1FC-4A955B6B8644}.Debug|Any CPU.ActiveCfg = Debug|Any CPU
		{7925F537-F603-49EE-B1FC-4A955B6B8644}.Debug|Any CPU.Build.0 = Debug|Any CPU
		{7925F537-F603-49EE-B1FC-4A955B6B8644}.Release|Any CPU.ActiveCfg = Release|Any CPU
		{7925F537-F603-49EE-B1FC-4A955B6B8644}.Release|Any CPU.Build.0 = Release|Any CPU
	EndGlobalSection
	GlobalSection(SolutionProperties) = preSolution
		HideSolutionNode = FALSE
	EndGlobalSection
	GlobalSection(ExtensibilityGlobals) = postSolution
		SolutionGuid = {C69ED635-7501-4A2D-9C83-DA23855042ED}
	EndGlobalSection
EndGlobal
